
Microsoft Visual Studio Solution File, Format Version 12.00
# Visual Studio Version 16
VisualStudioVersion = 16.0.30320.27
MinimumVisualStudioVersion = 15.0.26124.0
Project("{9A19103F-16F7-4668-BE54-9A1E7A4F7556}") = "Singulink.Threading.ReadWriteGuard", "Singulink.Threading.ReadWriteGuard\Singulink.Threading.ReadWriteGuard.csproj", "{BCB78906-7E1E-41D4-AE19-7A340DAD8526}"
EndProject
Project("{2150E333-8FDC-42A3-9474-1A3956D46DE8}") = "Solution Items", "Solution Items", "{6E3ABF80-626A-4F4F-A0A6-41F3086F03AD}"
	ProjectSection(SolutionItems) = preProject
		.editorconfig = .editorconfig
		Directory.Build.props = Directory.Build.props
	EndProjectSection
EndProject
Global
	GlobalSection(SolutionConfigurationPlatforms) = preSolution
		Debug|Any CPU = Debug|Any CPU
		Debug|x64 = Debug|x64
		Debug|x86 = Debug|x86
		Release|Any CPU = Release|Any CPU
		Release|x64 = Release|x64
		Release|x86 = Release|x86
	EndGlobalSection
	GlobalSection(ProjectConfigurationPlatforms) = postSolution
		{BCB78906-7E1E-41D4-AE19-7A340DAD8526}.Debug|Any CPU.ActiveCfg = Debug|Any CPU
		{BCB78906-7E1E-41D4-AE19-7A340DAD8526}.Debug|Any CPU.Build.0 = Debug|Any CPU
		{BCB78906-7E1E-41D4-AE19-7A340DAD8526}.Debug|x64.ActiveCfg = Debug|Any CPU
		{BCB78906-7E1E-41D4-AE19-7A340DAD8526}.Debug|x64.Build.0 = Debug|Any CPU
		{BCB78906-7E1E-41D4-AE19-7A340DAD8526}.Debug|x86.ActiveCfg = Debug|Any CPU
		{BCB78906-7E1E-41D4-AE19-7A340DAD8526}.Debug|x86.Build.0 = Debug|Any CPU
		{BCB78906-7E1E-41D4-AE19-7A340DAD8526}.Release|Any CPU.ActiveCfg = Release|Any CPU
		{BCB78906-7E1E-41D4-AE19-7A340DAD8526}.Release|Any CPU.Build.0 = Release|Any CPU
		{BCB78906-7E1E-41D4-AE19-7A340DAD8526}.Release|x64.ActiveCfg = Release|Any CPU
		{BCB78906-7E1E-41D4-AE19-7A340DAD8526}.Release|x64.Build.0 = Release|Any CPU
		{BCB78906-7E1E-41D4-AE19-7A340DAD8526}.Release|x86.ActiveCfg = Release|Any CPU
		{BCB78906-7E1E-41D4-AE19-7A340DAD8526}.Release|x86.Build.0 = Release|Any CPU
	EndGlobalSection
	GlobalSection(SolutionProperties) = preSolution
		HideSolutionNode = FALSE
	EndGlobalSection
	GlobalSection(ExtensibilityGlobals) = postSolution
		SolutionGuid = {883CC7E0-9F91-4FDE-93B3-81E6D194AB55}
	EndGlobalSection
EndGlobal
